
Microsoft Visual Studio Solution File, Format Version 12.00
# Visual Studio Version 17
VisualStudioVersion = 17.10.35201.131
MinimumVisualStudioVersion = 10.0.40219.1
Project("{2150E333-8FDC-42A3-9474-1A3956D46DE8}") = "DefaultExchange", "DefaultExchange", "{55FFEF77-4526-4CA1-859D-8CA409FF086A}"
EndProject
Project("{9A19103F-16F7-4668-BE54-9A1E7A4F7556}") = "PublisherRabbitApp", "PublisherRabbitApp\PublisherRabbitApp.csproj", "{BFDC3179-6BA3-4DC9-B816-01A840B3E567}"
EndProject
Project("{9A19103F-16F7-4668-BE54-9A1E7A4F7556}") = "ConsumerRabbitApp", "ConsumerRabbitApp\ConsumerRabbitApp.csproj", "{2A4CB1F4-3B1E-4CCB-9226-23EF3854ED44}"
EndProject
Project("{2150E333-8FDC-42A3-9474-1A3956D46DE8}") = "DirectExchange", "DirectExchange", "{B2844F78-F257-408B-B632-385B98582382}"
EndProject
Project("{9A19103F-16F7-4668-BE54-9A1E7A4F7556}") = "ProducerApp", "ProducerApp\ProducerApp.csproj", "{FCFF1061-7157-45A6-961D-EC176E2DEFF3}"
EndProject
Project("{FAE04EC0-301F-11D3-BF4B-00C04F79EFBC}") = "ErrorConsumer", "ErrorConsumer\ErrorConsumer.csproj", "{B85CC6CD-BC39-4AC7-990F-54ECCF449D96}"
EndProject
Project("{FAE04EC0-301F-11D3-BF4B-00C04F79EFBC}") = "InfoCosumer", "InfoCosumer\InfoCosumer.csproj", "{97731A94-1568-4048-AB65-473F6924E778}"
EndProject
Project("{FAE04EC0-301F-11D3-BF4B-00C04F79EFBC}") = "LogConsumer", "LogConsumer\LogConsumer.csproj", "{38190772-FDC0-4576-8C7B-297547A7960F}"
EndProject
Global
	GlobalSection(SolutionConfigurationPlatforms) = preSolution
		Debug|Any CPU = Debug|Any CPU
		Release|Any CPU = Release|Any CPU
	EndGlobalSection
	GlobalSection(ProjectConfigurationPlatforms) = postSolution
		{BFDC3179-6BA3-4DC9-B816-01A840B3E567}.Debug|Any CPU.ActiveCfg = Debug|Any CPU
		{BFDC3179-6BA3-4DC9-B816-01A840B3E567}.Debug|Any CPU.Build.0 = Debug|Any CPU
		{BFDC3179-6BA3-4DC9-B816-01A840B3E567}.Release|Any CPU.ActiveCfg = Release|Any CPU
		{BFDC3179-6BA3-4DC9-B816-01A840B3E567}.Release|Any CPU.Build.0 = Release|Any CPU
		{2A4CB1F4-3B1E-4CCB-9226-23EF3854ED44}.Debug|Any CPU.ActiveCfg = Debug|Any CPU
		{2A4CB1F4-3B1E-4CCB-9226-23EF3854ED44}.Debug|Any CPU.Build.0 = Debug|Any CPU
		{2A4CB1F4-3B1E-4CCB-9226-23EF3854ED44}.Release|Any CPU.ActiveCfg = Release|Any CPU
		{2A4CB1F4-3B1E-4CCB-9226-23EF3854ED44}.Release|Any CPU.Build.0 = Release|Any CPU
		{FCFF1061-7157-45A6-961D-EC176E2DEFF3}.Debug|Any CPU.ActiveCfg = Debug|Any CPU
		{FCFF1061-7157-45A6-961D-EC176E2DEFF3}.Debug|Any CPU.Build.0 = Debug|Any CPU
		{FCFF1061-7157-45A6-961D-EC176E2DEFF3}.Release|Any CPU.ActiveCfg = Release|Any CPU
		{FCFF1061-7157-45A6-961D-EC176E2DEFF3}.Release|Any CPU.Build.0 = Release|Any CPU
		{B85CC6CD-BC39-4AC7-990F-54ECCF449D96}.Debug|Any CPU.ActiveCfg = Debug|Any CPU
		{B85CC6CD-BC39-4AC7-990F-54ECCF449D96}.Debug|Any CPU.Build.0 = Debug|Any CPU
		{B85CC6CD-BC39-4AC7-990F-54ECCF449D96}.Release|Any CPU.ActiveCfg = Release|Any CPU
		{B85CC6CD-BC39-4AC7-990F-54ECCF449D96}.Release|Any CPU.Build.0 = Release|Any CPU
		{97731A94-1568-4048-AB65-473F6924E778}.Debug|Any CPU.ActiveCfg = Debug|Any CPU
		{97731A94-1568-4048-AB65-473F6924E778}.Debug|Any CPU.Build.0 = Debug|Any CPU
		{97731A94-1568-4048-AB65-473F6924E778}.Release|Any CPU.ActiveCfg = Release|Any CPU
		{97731A94-1568-4048-AB65-473F6924E778}.Release|Any CPU.Build.0 = Release|Any CPU
		{38190772-FDC0-4576-8C7B-297547A7960F}.Debug|Any CPU.ActiveCfg = Debug|Any CPU
		{38190772-FDC0-4576-8C7B-297547A7960F}.Debug|Any CPU.Build.0 = Debug|Any CPU
		{38190772-FDC0-4576-8C7B-297547A7960F}.Release|Any CPU.ActiveCfg = Release|Any CPU
		{38190772-FDC0-4576-8C7B-297547A7960F}.Release|Any CPU.Build.0 = Release|Any CPU
	EndGlobalSection
	GlobalSection(SolutionProperties) = preSolution
		HideSolutionNode = FALSE
	EndGlobalSection
	GlobalSection(NestedProjects) = preSolution
		{BFDC3179-6BA3-4DC9-B816-01A840B3E567} = {55FFEF77-4526-4CA1-859D-8CA409FF086A}
		{2A4CB1F4-3B1E-4CCB-9226-23EF3854ED44} = {55FFEF77-4526-4CA1-859D-8CA409FF086A}
		{FCFF1061-7157-45A6-961D-EC176E2DEFF3} = {B2844F78-F257-408B-B632-385B98582382}
		{B85CC6CD-BC39-4AC7-990F-54ECCF449D96} = {B2844F78-F257-408B-B632-385B98582382}
		{97731A94-1568-4048-AB65-473F6924E778} = {B2844F78-F257-408B-B632-385B98582382}
		{38190772-FDC0-4576-8C7B-297547A7960F} = {B2844F78-F257-408B-B632-385B98582382}
	EndGlobalSection
	GlobalSection(ExtensibilityGlobals) = postSolution
		SolutionGuid = {55C9F533-084E-4CB7-B2F8-D9ECD58A3819}
	EndGlobalSection
EndGlobal
